// !$*UTF8*$!
{
	archiveVersion = 1;
	classes = {
	};
	objectVersion = 55;
	objects = {

/* Begin PBXBuildFile section */
		089E803727FF244F0055364F /* TickerAllResponseDTO+Mapping.swift in Sources */ = {isa = PBXBuildFile; fileRef = 089E803627FF244F0055364F /* TickerAllResponseDTO+Mapping.swift */; };
		089E803D27FF2C8A0055364F /* TransactionResponseDTO+Mapping.swift in Sources */ = {isa = PBXBuildFile; fileRef = 089E803C27FF2C8A0055364F /* TransactionResponseDTO+Mapping.swift */; };
		089E803F27FF2D4D0055364F /* CandlestickResponseDTO+Mapping.swift in Sources */ = {isa = PBXBuildFile; fileRef = 089E803E27FF2D4D0055364F /* CandlestickResponseDTO+Mapping.swift */; };
		A6E4DE3727FDB3F30005266D /* AppDelegate.swift in Sources */ = {isa = PBXBuildFile; fileRef = A6E4DE3627FDB3F30005266D /* AppDelegate.swift */; };
		A6E4DE3927FDB3F30005266D /* SceneDelegate.swift in Sources */ = {isa = PBXBuildFile; fileRef = A6E4DE3827FDB3F30005266D /* SceneDelegate.swift */; };
		A6E4DE3B27FDB3F30005266D /* HuhoeMainViewController.swift in Sources */ = {isa = PBXBuildFile; fileRef = A6E4DE3A27FDB3F30005266D /* HuhoeMainViewController.swift */; };
		A6E4DE3E27FDB3F30005266D /* HuhoeMainViewController.storyboard in Resources */ = {isa = PBXBuildFile; fileRef = A6E4DE3C27FDB3F30005266D /* HuhoeMainViewController.storyboard */; };
		A6E4DE4027FDB3F50005266D /* Assets.xcassets in Resources */ = {isa = PBXBuildFile; fileRef = A6E4DE3F27FDB3F50005266D /* Assets.xcassets */; };
		A6E4DE4327FDB3F50005266D /* LaunchScreen.storyboard in Resources */ = {isa = PBXBuildFile; fileRef = A6E4DE4127FDB3F50005266D /* LaunchScreen.storyboard */; };
		A6E4DE4E27FDB3F50005266D /* HuhoeTests.swift in Sources */ = {isa = PBXBuildFile; fileRef = A6E4DE4D27FDB3F50005266D /* HuhoeTests.swift */; };
		A6E4DE5827FDB3F50005266D /* HuhoeUITests.swift in Sources */ = {isa = PBXBuildFile; fileRef = A6E4DE5727FDB3F50005266D /* HuhoeUITests.swift */; };
		A6E4DE5A27FDB3F50005266D /* HuhoeUITestsLaunchTests.swift in Sources */ = {isa = PBXBuildFile; fileRef = A6E4DE5927FDB3F50005266D /* HuhoeUITestsLaunchTests.swift */; };
/* End PBXBuildFile section */

/* Begin PBXContainerItemProxy section */
		A6E4DE4A27FDB3F50005266D /* PBXContainerItemProxy */ = {
			isa = PBXContainerItemProxy;
			containerPortal = A6E4DE2B27FDB3F30005266D /* Project object */;
			proxyType = 1;
			remoteGlobalIDString = A6E4DE3227FDB3F30005266D;
			remoteInfo = Huhoe;
		};
		A6E4DE5427FDB3F50005266D /* PBXContainerItemProxy */ = {
			isa = PBXContainerItemProxy;
			containerPortal = A6E4DE2B27FDB3F30005266D /* Project object */;
			proxyType = 1;
			remoteGlobalIDString = A6E4DE3227FDB3F30005266D;
			remoteInfo = Huhoe;
		};
/* End PBXContainerItemProxy section */

/* Begin PBXFileReference section */
		089E803627FF244F0055364F /* TickerAllResponseDTO+Mapping.swift */ = {isa = PBXFileReference; lastKnownFileType = sourcecode.swift; path = "TickerAllResponseDTO+Mapping.swift"; sourceTree = "<group>"; };
		089E803C27FF2C8A0055364F /* TransactionResponseDTO+Mapping.swift */ = {isa = PBXFileReference; lastKnownFileType = sourcecode.swift; path = "TransactionResponseDTO+Mapping.swift"; sourceTree = "<group>"; };
		089E803E27FF2D4D0055364F /* CandlestickResponseDTO+Mapping.swift */ = {isa = PBXFileReference; lastKnownFileType = sourcecode.swift; path = "CandlestickResponseDTO+Mapping.swift"; sourceTree = "<group>"; };
		A6E4DE3327FDB3F30005266D /* Huhoe.app */ = {isa = PBXFileReference; explicitFileType = wrapper.application; includeInIndex = 0; path = Huhoe.app; sourceTree = BUILT_PRODUCTS_DIR; };
		A6E4DE3627FDB3F30005266D /* AppDelegate.swift */ = {isa = PBXFileReference; lastKnownFileType = sourcecode.swift; path = AppDelegate.swift; sourceTree = "<group>"; };
		A6E4DE3827FDB3F30005266D /* SceneDelegate.swift */ = {isa = PBXFileReference; lastKnownFileType = sourcecode.swift; path = SceneDelegate.swift; sourceTree = "<group>"; };
		A6E4DE3A27FDB3F30005266D /* HuhoeMainViewController.swift */ = {isa = PBXFileReference; lastKnownFileType = sourcecode.swift; path = HuhoeMainViewController.swift; sourceTree = "<group>"; };
		A6E4DE3D27FDB3F30005266D /* Base */ = {isa = PBXFileReference; lastKnownFileType = file.storyboard; name = Base; path = Base.lproj/HuhoeMainViewController.storyboard; sourceTree = "<group>"; };
		A6E4DE3F27FDB3F50005266D /* Assets.xcassets */ = {isa = PBXFileReference; lastKnownFileType = folder.assetcatalog; path = Assets.xcassets; sourceTree = "<group>"; };
		A6E4DE4227FDB3F50005266D /* Base */ = {isa = PBXFileReference; lastKnownFileType = file.storyboard; name = Base; path = Base.lproj/LaunchScreen.storyboard; sourceTree = "<group>"; };
		A6E4DE4427FDB3F50005266D /* Info.plist */ = {isa = PBXFileReference; lastKnownFileType = text.plist.xml; path = Info.plist; sourceTree = "<group>"; };
		A6E4DE4927FDB3F50005266D /* HuhoeTests.xctest */ = {isa = PBXFileReference; explicitFileType = wrapper.cfbundle; includeInIndex = 0; path = HuhoeTests.xctest; sourceTree = BUILT_PRODUCTS_DIR; };
		A6E4DE4D27FDB3F50005266D /* HuhoeTests.swift */ = {isa = PBXFileReference; lastKnownFileType = sourcecode.swift; path = HuhoeTests.swift; sourceTree = "<group>"; };
		A6E4DE5327FDB3F50005266D /* HuhoeUITests.xctest */ = {isa = PBXFileReference; explicitFileType = wrapper.cfbundle; includeInIndex = 0; path = HuhoeUITests.xctest; sourceTree = BUILT_PRODUCTS_DIR; };
		A6E4DE5727FDB3F50005266D /* HuhoeUITests.swift */ = {isa = PBXFileReference; lastKnownFileType = sourcecode.swift; path = HuhoeUITests.swift; sourceTree = "<group>"; };
		A6E4DE5927FDB3F50005266D /* HuhoeUITestsLaunchTests.swift */ = {isa = PBXFileReference; lastKnownFileType = sourcecode.swift; path = HuhoeUITestsLaunchTests.swift; sourceTree = "<group>"; };
/* End PBXFileReference section */

/* Begin PBXFrameworksBuildPhase section */
		A6E4DE3027FDB3F30005266D /* Frameworks */ = {
			isa = PBXFrameworksBuildPhase;
			buildActionMask = 2147483647;
			files = (
			);
			runOnlyForDeploymentPostprocessing = 0;
		};
		A6E4DE4627FDB3F50005266D /* Frameworks */ = {
			isa = PBXFrameworksBuildPhase;
			buildActionMask = 2147483647;
			files = (
			);
			runOnlyForDeploymentPostprocessing = 0;
		};
		A6E4DE5027FDB3F50005266D /* Frameworks */ = {
			isa = PBXFrameworksBuildPhase;
			buildActionMask = 2147483647;
			files = (
			);
			runOnlyForDeploymentPostprocessing = 0;
		};
/* End PBXFrameworksBuildPhase section */

/* Begin PBXGroup section */
		084F769027FDB9DF00BAE500 /* Resource */ = {
			isa = PBXGroup;
			children = (
				A6E4DE4127FDB3F50005266D /* LaunchScreen.storyboard */,
				A6E4DE4427FDB3F50005266D /* Info.plist */,
				A6E4DE3F27FDB3F50005266D /* Assets.xcassets */,
			);
			path = Resource;
			sourceTree = "<group>";
		};
		084F769127FDB9FD00BAE500 /* Domain */ = {
			isa = PBXGroup;
			children = (
			);
			path = Domain;
			sourceTree = "<group>";
		};
		084F769227FDBA0900BAE500 /* Data */ = {
			isa = PBXGroup;
			children = (
				089E803427FF233A0055364F /* Network */,
			);
			path = Data;
			sourceTree = "<group>";
		};
		084F769327FDBB4D00BAE500 /* Presentation */ = {
			isa = PBXGroup;
			children = (
				084F769527FDC26E00BAE500 /* Scene */,
			);
			path = Presentation;
			sourceTree = "<group>";
		};
		084F769427FDBE7500BAE500 /* Application */ = {
			isa = PBXGroup;
			children = (
				A6E4DE3627FDB3F30005266D /* AppDelegate.swift */,
				A6E4DE3827FDB3F30005266D /* SceneDelegate.swift */,
			);
			path = Application;
			sourceTree = "<group>";
		};
		084F769527FDC26E00BAE500 /* Scene */ = {
			isa = PBXGroup;
			children = (
				084F769627FDC27600BAE500 /* HuhoeMain */,
			);
			path = Scene;
			sourceTree = "<group>";
		};
		084F769627FDC27600BAE500 /* HuhoeMain */ = {
			isa = PBXGroup;
			children = (
				084F769727FDC2B600BAE500 /* View */,
			);
			path = HuhoeMain;
			sourceTree = "<group>";
		};
		084F769727FDC2B600BAE500 /* View */ = {
			isa = PBXGroup;
			children = (
				A6E4DE3C27FDB3F30005266D /* HuhoeMainViewController.storyboard */,
				A6E4DE3A27FDB3F30005266D /* HuhoeMainViewController.swift */,
			);
			path = View;
			sourceTree = "<group>";
		};
		089E803427FF233A0055364F /* Network */ = {
			isa = PBXGroup;
			children = (
				089E803527FF24130055364F /* DataMapping */,
			);
			path = Network;
			sourceTree = "<group>";
		};
		089E803527FF24130055364F /* DataMapping */ = {
			isa = PBXGroup;
			children = (
				089E803627FF244F0055364F /* TickerAllResponseDTO+Mapping.swift */,
				089E803C27FF2C8A0055364F /* TransactionResponseDTO+Mapping.swift */,
				089E803E27FF2D4D0055364F /* CandlestickResponseDTO+Mapping.swift */,
			);
			path = DataMapping;
			sourceTree = "<group>";
		};
		A6E4DE2A27FDB3F30005266D = {
			isa = PBXGroup;
			children = (
				A6E4DE3527FDB3F30005266D /* Huhoe */,
				A6E4DE4C27FDB3F50005266D /* HuhoeTests */,
				A6E4DE5627FDB3F50005266D /* HuhoeUITests */,
				A6E4DE3427FDB3F30005266D /* Products */,
			);
			sourceTree = "<group>";
		};
		A6E4DE3427FDB3F30005266D /* Products */ = {
			isa = PBXGroup;
			children = (
				A6E4DE3327FDB3F30005266D /* Huhoe.app */,
				A6E4DE4927FDB3F50005266D /* HuhoeTests.xctest */,
				A6E4DE5327FDB3F50005266D /* HuhoeUITests.xctest */,
			);
			name = Products;
			sourceTree = "<group>";
		};
		A6E4DE3527FDB3F30005266D /* Huhoe */ = {
			isa = PBXGroup;
			children = (
				084F769427FDBE7500BAE500 /* Application */,
				084F769327FDBB4D00BAE500 /* Presentation */,
				084F769227FDBA0900BAE500 /* Data */,
				084F769127FDB9FD00BAE500 /* Domain */,
				084F769027FDB9DF00BAE500 /* Resource */,
			);
			path = Huhoe;
			sourceTree = "<group>";
		};
		A6E4DE4C27FDB3F50005266D /* HuhoeTests */ = {
			isa = PBXGroup;
			children = (
				A6E4DE4D27FDB3F50005266D /* HuhoeTests.swift */,
			);
			path = HuhoeTests;
			sourceTree = "<group>";
		};
		A6E4DE5627FDB3F50005266D /* HuhoeUITests */ = {
			isa = PBXGroup;
			children = (
				A6E4DE5727FDB3F50005266D /* HuhoeUITests.swift */,
				A6E4DE5927FDB3F50005266D /* HuhoeUITestsLaunchTests.swift */,
			);
			path = HuhoeUITests;
			sourceTree = "<group>";
		};
/* End PBXGroup section */

/* Begin PBXNativeTarget section */
		A6E4DE3227FDB3F30005266D /* Huhoe */ = {
			isa = PBXNativeTarget;
			buildConfigurationList = A6E4DE5D27FDB3F50005266D /* Build configuration list for PBXNativeTarget "Huhoe" */;
			buildPhases = (
				A6E4DE2F27FDB3F30005266D /* Sources */,
				A6E4DE3027FDB3F30005266D /* Frameworks */,
				A6E4DE3127FDB3F30005266D /* Resources */,
			);
			buildRules = (
			);
			dependencies = (
			);
			name = Huhoe;
			packageProductDependencies = (
			);
			productName = Huhoe;
			productReference = A6E4DE3327FDB3F30005266D /* Huhoe.app */;
			productType = "com.apple.product-type.application";
		};
		A6E4DE4827FDB3F50005266D /* HuhoeTests */ = {
			isa = PBXNativeTarget;
			buildConfigurationList = A6E4DE6027FDB3F50005266D /* Build configuration list for PBXNativeTarget "HuhoeTests" */;
			buildPhases = (
				A6E4DE4527FDB3F50005266D /* Sources */,
				A6E4DE4627FDB3F50005266D /* Frameworks */,
				A6E4DE4727FDB3F50005266D /* Resources */,
			);
			buildRules = (
			);
			dependencies = (
				A6E4DE4B27FDB3F50005266D /* PBXTargetDependency */,
			);
			name = HuhoeTests;
			productName = HuhoeTests;
			productReference = A6E4DE4927FDB3F50005266D /* HuhoeTests.xctest */;
			productType = "com.apple.product-type.bundle.unit-test";
		};
		A6E4DE5227FDB3F50005266D /* HuhoeUITests */ = {
			isa = PBXNativeTarget;
			buildConfigurationList = A6E4DE6327FDB3F50005266D /* Build configuration list for PBXNativeTarget "HuhoeUITests" */;
			buildPhases = (
				A6E4DE4F27FDB3F50005266D /* Sources */,
				A6E4DE5027FDB3F50005266D /* Frameworks */,
				A6E4DE5127FDB3F50005266D /* Resources */,
			);
			buildRules = (
			);
			dependencies = (
				A6E4DE5527FDB3F50005266D /* PBXTargetDependency */,
			);
			name = HuhoeUITests;
			productName = HuhoeUITests;
			productReference = A6E4DE5327FDB3F50005266D /* HuhoeUITests.xctest */;
			productType = "com.apple.product-type.bundle.ui-testing";
		};
/* End PBXNativeTarget section */

/* Begin PBXProject section */
		A6E4DE2B27FDB3F30005266D /* Project object */ = {
			isa = PBXProject;
			attributes = {
				BuildIndependentTargetsInParallel = 1;
				LastSwiftUpdateCheck = 1330;
				LastUpgradeCheck = 1330;
				TargetAttributes = {
					A6E4DE3227FDB3F30005266D = {
						CreatedOnToolsVersion = 13.3;
					};
					A6E4DE4827FDB3F50005266D = {
						CreatedOnToolsVersion = 13.3;
						TestTargetID = A6E4DE3227FDB3F30005266D;
					};
					A6E4DE5227FDB3F50005266D = {
						CreatedOnToolsVersion = 13.3;
						TestTargetID = A6E4DE3227FDB3F30005266D;
					};
				};
			};
			buildConfigurationList = A6E4DE2E27FDB3F30005266D /* Build configuration list for PBXProject "Huhoe" */;
			compatibilityVersion = "Xcode 13.0";
			developmentRegion = en;
			hasScannedForEncodings = 0;
			knownRegions = (
				en,
				Base,
			);
			mainGroup = A6E4DE2A27FDB3F30005266D;
			packageReferences = (
			);
			productRefGroup = A6E4DE3427FDB3F30005266D /* Products */;
			projectDirPath = "";
			projectRoot = "";
			targets = (
				A6E4DE3227FDB3F30005266D /* Huhoe */,
				A6E4DE4827FDB3F50005266D /* HuhoeTests */,
				A6E4DE5227FDB3F50005266D /* HuhoeUITests */,
			);
		};
/* End PBXProject section */

/* Begin PBXResourcesBuildPhase section */
		A6E4DE3127FDB3F30005266D /* Resources */ = {
			isa = PBXResourcesBuildPhase;
			buildActionMask = 2147483647;
			files = (
				A6E4DE4327FDB3F50005266D /* LaunchScreen.storyboard in Resources */,
				A6E4DE4027FDB3F50005266D /* Assets.xcassets in Resources */,
				A6E4DE3E27FDB3F30005266D /* HuhoeMainViewController.storyboard in Resources */,
			);
			runOnlyForDeploymentPostprocessing = 0;
		};
		A6E4DE4727FDB3F50005266D /* Resources */ = {
			isa = PBXResourcesBuildPhase;
			buildActionMask = 2147483647;
			files = (
			);
			runOnlyForDeploymentPostprocessing = 0;
		};
		A6E4DE5127FDB3F50005266D /* Resources */ = {
			isa = PBXResourcesBuildPhase;
			buildActionMask = 2147483647;
			files = (
			);
			runOnlyForDeploymentPostprocessing = 0;
		};
/* End PBXResourcesBuildPhase section */

/* Begin PBXSourcesBuildPhase section */
		A6E4DE2F27FDB3F30005266D /* Sources */ = {
			isa = PBXSourcesBuildPhase;
			buildActionMask = 2147483647;
			files = (
				A6E4DE3B27FDB3F30005266D /* HuhoeMainViewController.swift in Sources */,
				089E803F27FF2D4D0055364F /* CandlestickResponseDTO+Mapping.swift in Sources */,
				089E803D27FF2C8A0055364F /* TransactionResponseDTO+Mapping.swift in Sources */,
				089E803727FF244F0055364F /* TickerAllResponseDTO+Mapping.swift in Sources */,
				A6E4DE3727FDB3F30005266D /* AppDelegate.swift in Sources */,
				A6E4DE3927FDB3F30005266D /* SceneDelegate.swift in Sources */,
			);
			runOnlyForDeploymentPostprocessing = 0;
		};
		A6E4DE4527FDB3F50005266D /* Sources */ = {
			isa = PBXSourcesBuildPhase;
			buildActionMask = 2147483647;
			files = (
				A6E4DE4E27FDB3F50005266D /* HuhoeTests.swift in Sources */,
			);
			runOnlyForDeploymentPostprocessing = 0;
		};
		A6E4DE4F27FDB3F50005266D /* Sources */ = {
			isa = PBXSourcesBuildPhase;
			buildActionMask = 2147483647;
			files = (
				A6E4DE5A27FDB3F50005266D /* HuhoeUITestsLaunchTests.swift in Sources */,
				A6E4DE5827FDB3F50005266D /* HuhoeUITests.swift in Sources */,
			);
			runOnlyForDeploymentPostprocessing = 0;
		};
/* End PBXSourcesBuildPhase section */

/* Begin PBXTargetDependency section */
		A6E4DE4B27FDB3F50005266D /* PBXTargetDependency */ = {
			isa = PBXTargetDependency;
			target = A6E4DE3227FDB3F30005266D /* Huhoe */;
			targetProxy = A6E4DE4A27FDB3F50005266D /* PBXContainerItemProxy */;
		};
		A6E4DE5527FDB3F50005266D /* PBXTargetDependency */ = {
			isa = PBXTargetDependency;
			target = A6E4DE3227FDB3F30005266D /* Huhoe */;
			targetProxy = A6E4DE5427FDB3F50005266D /* PBXContainerItemProxy */;
		};
/* End PBXTargetDependency section */

/* Begin PBXVariantGroup section */
		A6E4DE3C27FDB3F30005266D /* HuhoeMainViewController.storyboard */ = {
			isa = PBXVariantGroup;
			children = (
				A6E4DE3D27FDB3F30005266D /* Base */,
			);
			name = HuhoeMainViewController.storyboard;
			sourceTree = "<group>";
		};
		A6E4DE4127FDB3F50005266D /* LaunchScreen.storyboard */ = {
			isa = PBXVariantGroup;
			children = (
				A6E4DE4227FDB3F50005266D /* Base */,
			);
			name = LaunchScreen.storyboard;
			sourceTree = "<group>";
		};
/* End PBXVariantGroup section */

/* Begin XCBuildConfiguration section */
		A6E4DE5B27FDB3F50005266D /* Debug */ = {
			isa = XCBuildConfiguration;
			buildSettings = {
				ALWAYS_SEARCH_USER_PATHS = NO;
				CLANG_ANALYZER_NONNULL = YES;
				CLANG_ANALYZER_NUMBER_OBJECT_CONVERSION = YES_AGGRESSIVE;
				CLANG_CXX_LANGUAGE_STANDARD = "gnu++17";
				CLANG_ENABLE_MODULES = YES;
				CLANG_ENABLE_OBJC_ARC = YES;
				CLANG_ENABLE_OBJC_WEAK = YES;
				CLANG_WARN_BLOCK_CAPTURE_AUTORELEASING = YES;
				CLANG_WARN_BOOL_CONVERSION = YES;
				CLANG_WARN_COMMA = YES;
				CLANG_WARN_CONSTANT_CONVERSION = YES;
				CLANG_WARN_DEPRECATED_OBJC_IMPLEMENTATIONS = YES;
				CLANG_WARN_DIRECT_OBJC_ISA_USAGE = YES_ERROR;
				CLANG_WARN_DOCUMENTATION_COMMENTS = YES;
				CLANG_WARN_EMPTY_BODY = YES;
				CLANG_WARN_ENUM_CONVERSION = YES;
				CLANG_WARN_INFINITE_RECURSION = YES;
				CLANG_WARN_INT_CONVERSION = YES;
				CLANG_WARN_NON_LITERAL_NULL_CONVERSION = YES;
				CLANG_WARN_OBJC_IMPLICIT_RETAIN_SELF = YES;
				CLANG_WARN_OBJC_LITERAL_CONVERSION = YES;
				CLANG_WARN_OBJC_ROOT_CLASS = YES_ERROR;
				CLANG_WARN_QUOTED_INCLUDE_IN_FRAMEWORK_HEADER = YES;
				CLANG_WARN_RANGE_LOOP_ANALYSIS = YES;
				CLANG_WARN_STRICT_PROTOTYPES = YES;
				CLANG_WARN_SUSPICIOUS_MOVE = YES;
				CLANG_WARN_UNGUARDED_AVAILABILITY = YES_AGGRESSIVE;
				CLANG_WARN_UNREACHABLE_CODE = YES;
				CLANG_WARN__DUPLICATE_METHOD_MATCH = YES;
				COPY_PHASE_STRIP = NO;
				DEBUG_INFORMATION_FORMAT = dwarf;
				ENABLE_STRICT_OBJC_MSGSEND = YES;
				ENABLE_TESTABILITY = YES;
				GCC_C_LANGUAGE_STANDARD = gnu11;
				GCC_DYNAMIC_NO_PIC = NO;
				GCC_NO_COMMON_BLOCKS = YES;
				GCC_OPTIMIZATION_LEVEL = 0;
				GCC_PREPROCESSOR_DEFINITIONS = (
					"DEBUG=1",
					"$(inherited)",
				);
				GCC_WARN_64_TO_32_BIT_CONVERSION = YES;
				GCC_WARN_ABOUT_RETURN_TYPE = YES_ERROR;
				GCC_WARN_UNDECLARED_SELECTOR = YES;
				GCC_WARN_UNINITIALIZED_AUTOS = YES_AGGRESSIVE;
				GCC_WARN_UNUSED_FUNCTION = YES;
				GCC_WARN_UNUSED_VARIABLE = YES;
				IPHONEOS_DEPLOYMENT_TARGET = 14.0;
				MTL_ENABLE_DEBUG_INFO = INCLUDE_SOURCE;
				MTL_FAST_MATH = YES;
				ONLY_ACTIVE_ARCH = YES;
				SDKROOT = iphoneos;
				SWIFT_ACTIVE_COMPILATION_CONDITIONS = DEBUG;
				SWIFT_OPTIMIZATION_LEVEL = "-Onone";
			};
			name = Debug;
		};
		A6E4DE5C27FDB3F50005266D /* Release */ = {
			isa = XCBuildConfiguration;
			buildSettings = {
				ALWAYS_SEARCH_USER_PATHS = NO;
				CLANG_ANALYZER_NONNULL = YES;
				CLANG_ANALYZER_NUMBER_OBJECT_CONVERSION = YES_AGGRESSIVE;
				CLANG_CXX_LANGUAGE_STANDARD = "gnu++17";
				CLANG_ENABLE_MODULES = YES;
				CLANG_ENABLE_OBJC_ARC = YES;
				CLANG_ENABLE_OBJC_WEAK = YES;
				CLANG_WARN_BLOCK_CAPTURE_AUTORELEASING = YES;
				CLANG_WARN_BOOL_CONVERSION = YES;
				CLANG_WARN_COMMA = YES;
				CLANG_WARN_CONSTANT_CONVERSION = YES;
				CLANG_WARN_DEPRECATED_OBJC_IMPLEMENTATIONS = YES;
				CLANG_WARN_DIRECT_OBJC_ISA_USAGE = YES_ERROR;
				CLANG_WARN_DOCUMENTATION_COMMENTS = YES;
				CLANG_WARN_EMPTY_BODY = YES;
				CLANG_WARN_ENUM_CONVERSION = YES;
				CLANG_WARN_INFINITE_RECURSION = YES;
				CLANG_WARN_INT_CONVERSION = YES;
				CLANG_WARN_NON_LITERAL_NULL_CONVERSION = YES;
				CLANG_WARN_OBJC_IMPLICIT_RETAIN_SELF = YES;
				CLANG_WARN_OBJC_LITERAL_CONVERSION = YES;
				CLANG_WARN_OBJC_ROOT_CLASS = YES_ERROR;
				CLANG_WARN_QUOTED_INCLUDE_IN_FRAMEWORK_HEADER = YES;
				CLANG_WARN_RANGE_LOOP_ANALYSIS = YES;
				CLANG_WARN_STRICT_PROTOTYPES = YES;
				CLANG_WARN_SUSPICIOUS_MOVE = YES;
				CLANG_WARN_UNGUARDED_AVAILABILITY = YES_AGGRESSIVE;
				CLANG_WARN_UNREACHABLE_CODE = YES;
				CLANG_WARN__DUPLICATE_METHOD_MATCH = YES;
				COPY_PHASE_STRIP = NO;
				DEBUG_INFORMATION_FORMAT = "dwarf-with-dsym";
				ENABLE_NS_ASSERTIONS = NO;
				ENABLE_STRICT_OBJC_MSGSEND = YES;
				GCC_C_LANGUAGE_STANDARD = gnu11;
				GCC_NO_COMMON_BLOCKS = YES;
				GCC_WARN_64_TO_32_BIT_CONVERSION = YES;
				GCC_WARN_ABOUT_RETURN_TYPE = YES_ERROR;
				GCC_WARN_UNDECLARED_SELECTOR = YES;
				GCC_WARN_UNINITIALIZED_AUTOS = YES_AGGRESSIVE;
				GCC_WARN_UNUSED_FUNCTION = YES;
				GCC_WARN_UNUSED_VARIABLE = YES;
				IPHONEOS_DEPLOYMENT_TARGET = 14.0;
				MTL_ENABLE_DEBUG_INFO = NO;
				MTL_FAST_MATH = YES;
				SDKROOT = iphoneos;
				SWIFT_COMPILATION_MODE = wholemodule;
				SWIFT_OPTIMIZATION_LEVEL = "-O";
				VALIDATE_PRODUCT = YES;
			};
			name = Release;
		};
		A6E4DE5E27FDB3F50005266D /* Debug */ = {
			isa = XCBuildConfiguration;
			buildSettings = {
				ASSETCATALOG_COMPILER_APPICON_NAME = AppIcon;
				ASSETCATALOG_COMPILER_GLOBAL_ACCENT_COLOR_NAME = AccentColor;
				CODE_SIGN_STYLE = Automatic;
				CURRENT_PROJECT_VERSION = 1;
				DEVELOPMENT_TEAM = RL265827ML;
				GENERATE_INFOPLIST_FILE = YES;
				INFOPLIST_FILE = Huhoe/Resource/Info.plist;
				INFOPLIST_KEY_UIApplicationSupportsIndirectInputEvents = YES;
				INFOPLIST_KEY_UILaunchStoryboardName = LaunchScreen;
				INFOPLIST_KEY_UIMainStoryboardFile = HuhoeMainViewController;
				INFOPLIST_KEY_UISupportedInterfaceOrientations = UIInterfaceOrientationPortrait;
				INFOPLIST_KEY_UISupportedInterfaceOrientations_iPad = "UIInterfaceOrientationPortrait UIInterfaceOrientationPortraitUpsideDown UIInterfaceOrientationLandscapeLeft UIInterfaceOrientationLandscapeRight";
				INFOPLIST_KEY_UISupportedInterfaceOrientations_iPhone = "UIInterfaceOrientationPortrait UIInterfaceOrientationLandscapeLeft UIInterfaceOrientationLandscapeRight";
				LD_RUNPATH_SEARCH_PATHS = (
					"$(inherited)",
					"@executable_path/Frameworks",
				);
				MARKETING_VERSION = 1.0;
				PRODUCT_BUNDLE_IDENTIFIER = limjs.Huhoe;
				PRODUCT_NAME = "$(TARGET_NAME)";
				SWIFT_EMIT_LOC_STRINGS = YES;
				SWIFT_VERSION = 5.0;
				TARGETED_DEVICE_FAMILY = 1;
			};
			name = Debug;
		};
		A6E4DE5F27FDB3F50005266D /* Release */ = {
			isa = XCBuildConfiguration;
			buildSettings = {
				ASSETCATALOG_COMPILER_APPICON_NAME = AppIcon;
				ASSETCATALOG_COMPILER_GLOBAL_ACCENT_COLOR_NAME = AccentColor;
				CODE_SIGN_STYLE = Automatic;
				CURRENT_PROJECT_VERSION = 1;
				DEVELOPMENT_TEAM = RL265827ML;
				GENERATE_INFOPLIST_FILE = YES;
				INFOPLIST_FILE = Huhoe/Resource/Info.plist;
				INFOPLIST_KEY_UIApplicationSupportsIndirectInputEvents = YES;
				INFOPLIST_KEY_UILaunchStoryboardName = LaunchScreen;
				INFOPLIST_KEY_UIMainStoryboardFile = HuhoeMainViewController;
				INFOPLIST_KEY_UISupportedInterfaceOrientations = UIInterfaceOrientationPortrait;
				INFOPLIST_KEY_UISupportedInterfaceOrientations_iPad = "UIInterfaceOrientationPortrait UIInterfaceOrientationPortraitUpsideDown UIInterfaceOrientationLandscapeLeft UIInterfaceOrientationLandscapeRight";
				INFOPLIST_KEY_UISupportedInterfaceOrientations_iPhone = "UIInterfaceOrientationPortrait UIInterfaceOrientationLandscapeLeft UIInterfaceOrientationLandscapeRight";
				LD_RUNPATH_SEARCH_PATHS = (
					"$(inherited)",
					"@executable_path/Frameworks",
				);
				MARKETING_VERSION = 1.0;
				PRODUCT_BUNDLE_IDENTIFIER = limjs.Huhoe;
				PRODUCT_NAME = "$(TARGET_NAME)";
				SWIFT_EMIT_LOC_STRINGS = YES;
				SWIFT_VERSION = 5.0;
				TARGETED_DEVICE_FAMILY = 1;
			};
			name = Release;
		};
		A6E4DE6127FDB3F50005266D /* Debug */ = {
			isa = XCBuildConfiguration;
			buildSettings = {
				ALWAYS_EMBED_SWIFT_STANDARD_LIBRARIES = YES;
				BUNDLE_LOADER = "$(TEST_HOST)";
				CODE_SIGN_STYLE = Automatic;
				CURRENT_PROJECT_VERSION = 1;
				DEVELOPMENT_TEAM = RL265827ML;
				GENERATE_INFOPLIST_FILE = YES;
				IPHONEOS_DEPLOYMENT_TARGET = 15.4;
				MARKETING_VERSION = 1.0;
				PRODUCT_BUNDLE_IDENTIFIER = limjs.HuhoeTests;
				PRODUCT_NAME = "$(TARGET_NAME)";
				SWIFT_EMIT_LOC_STRINGS = NO;
				SWIFT_VERSION = 5.0;
				TARGETED_DEVICE_FAMILY = "1,2";
				TEST_HOST = "$(BUILT_PRODUCTS_DIR)/Huhoe.app/Huhoe";
			};
			name = Debug;
		};
		A6E4DE6227FDB3F50005266D /* Release */ = {
			isa = XCBuildConfiguration;
			buildSettings = {
				ALWAYS_EMBED_SWIFT_STANDARD_LIBRARIES = YES;
				BUNDLE_LOADER = "$(TEST_HOST)";
				CODE_SIGN_STYLE = Automatic;
				CURRENT_PROJECT_VERSION = 1;
				DEVELOPMENT_TEAM = RL265827ML;
				GENERATE_INFOPLIST_FILE = YES;
				IPHONEOS_DEPLOYMENT_TARGET = 15.4;
				MARKETING_VERSION = 1.0;
				PRODUCT_BUNDLE_IDENTIFIER = limjs.HuhoeTests;
				PRODUCT_NAME = "$(TARGET_NAME)";
				SWIFT_EMIT_LOC_STRINGS = NO;
				SWIFT_VERSION = 5.0;
				TARGETED_DEVICE_FAMILY = "1,2";
				TEST_HOST = "$(BUILT_PRODUCTS_DIR)/Huhoe.app/Huhoe";
			};
			name = Release;
		};
		A6E4DE6427FDB3F50005266D /* Debug */ = {
			isa = XCBuildConfiguration;
			buildSettings = {
				ALWAYS_EMBED_SWIFT_STANDARD_LIBRARIES = YES;
				CODE_SIGN_STYLE = Automatic;
				CURRENT_PROJECT_VERSION = 1;
				DEVELOPMENT_TEAM = RL265827ML;
				GENERATE_INFOPLIST_FILE = YES;
				MARKETING_VERSION = 1.0;
				PRODUCT_BUNDLE_IDENTIFIER = limjs.HuhoeUITests;
				PRODUCT_NAME = "$(TARGET_NAME)";
				SWIFT_EMIT_LOC_STRINGS = NO;
				SWIFT_VERSION = 5.0;
				TARGETED_DEVICE_FAMILY = "1,2";
				TEST_TARGET_NAME = Huhoe;
			};
			name = Debug;
		};
		A6E4DE6527FDB3F50005266D /* Release */ = {
			isa = XCBuildConfiguration;
			buildSettings = {
				ALWAYS_EMBED_SWIFT_STANDARD_LIBRARIES = YES;
				CODE_SIGN_STYLE = Automatic;
				CURRENT_PROJECT_VERSION = 1;
				DEVELOPMENT_TEAM = RL265827ML;
				GENERATE_INFOPLIST_FILE = YES;
				MARKETING_VERSION = 1.0;
				PRODUCT_BUNDLE_IDENTIFIER = limjs.HuhoeUITests;
				PRODUCT_NAME = "$(TARGET_NAME)";
				SWIFT_EMIT_LOC_STRINGS = NO;
				SWIFT_VERSION = 5.0;
				TARGETED_DEVICE_FAMILY = "1,2";
				TEST_TARGET_NAME = Huhoe;
			};
			name = Release;
		};
/* End XCBuildConfiguration section */

/* Begin XCConfigurationList section */
		A6E4DE2E27FDB3F30005266D /* Build configuration list for PBXProject "Huhoe" */ = {
			isa = XCConfigurationList;
			buildConfigurations = (
				A6E4DE5B27FDB3F50005266D /* Debug */,
				A6E4DE5C27FDB3F50005266D /* Release */,
			);
			defaultConfigurationIsVisible = 0;
			defaultConfigurationName = Release;
		};
		A6E4DE5D27FDB3F50005266D /* Build configuration list for PBXNativeTarget "Huhoe" */ = {
			isa = XCConfigurationList;
			buildConfigurations = (
				A6E4DE5E27FDB3F50005266D /* Debug */,
				A6E4DE5F27FDB3F50005266D /* Release */,
			);
			defaultConfigurationIsVisible = 0;
			defaultConfigurationName = Release;
		};
		A6E4DE6027FDB3F50005266D /* Build configuration list for PBXNativeTarget "HuhoeTests" */ = {
			isa = XCConfigurationList;
			buildConfigurations = (
				A6E4DE6127FDB3F50005266D /* Debug */,
				A6E4DE6227FDB3F50005266D /* Release */,
			);
			defaultConfigurationIsVisible = 0;
			defaultConfigurationName = Release;
		};
		A6E4DE6327FDB3F50005266D /* Build configuration list for PBXNativeTarget "HuhoeUITests" */ = {
			isa = XCConfigurationList;
			buildConfigurations = (
				A6E4DE6427FDB3F50005266D /* Debug */,
				A6E4DE6527FDB3F50005266D /* Release */,
			);
			defaultConfigurationIsVisible = 0;
			defaultConfigurationName = Release;
		};
/* End XCConfigurationList section */
	};
	rootObject = A6E4DE2B27FDB3F30005266D /* Project object */;
}
