// !$*UTF8*$!
{
	archiveVersion = 1;
	classes = {
	};
	objectVersion = 55;
	objects = {

/* Begin PBXBuildFile section */
		089A925E27FFE2E100728107 /* Transaction.swift in Sources */ = {isa = PBXBuildFile; fileRef = 089A925D27FFE2E100728107 /* Transaction.swift */; };
		089A926127FFE43300728107 /* String+extension.swift in Sources */ = {isa = PBXBuildFile; fileRef = 089A926027FFE43300728107 /* String+extension.swift */; };
		089A926327FFFEAA00728107 /* CoinPriceHistory.swift in Sources */ = {isa = PBXBuildFile; fileRef = 089A926227FFFEAA00728107 /* CoinPriceHistory.swift */; };
		089A926F28002B2D00728107 /* TickerRepository.swift in Sources */ = {isa = PBXBuildFile; fileRef = 089A926E28002B2D00728107 /* TickerRepository.swift */; };
		089A927128002DC800728107 /* DefaultTickerRepository.swift in Sources */ = {isa = PBXBuildFile; fileRef = 089A927028002DC800728107 /* DefaultTickerRepository.swift */; };
		089E803727FF244F0055364F /* TickerAllResponseDTO+Mapping.swift in Sources */ = {isa = PBXBuildFile; fileRef = 089E803627FF244F0055364F /* TickerAllResponseDTO+Mapping.swift */; };
		089E803D27FF2C8A0055364F /* TransactionResponseDTO+Mapping.swift in Sources */ = {isa = PBXBuildFile; fileRef = 089E803C27FF2C8A0055364F /* TransactionResponseDTO+Mapping.swift */; };
		089E803F27FF2D4D0055364F /* CandlestickResponseDTO+Mapping.swift in Sources */ = {isa = PBXBuildFile; fileRef = 089E803E27FF2D4D0055364F /* CandlestickResponseDTO+Mapping.swift */; };
		08AA7C89280EE6F700305CED /* RxCocoa in Frameworks */ = {isa = PBXBuildFile; productRef = 08AA7C88280EE6F700305CED /* RxCocoa */; };
		08AA7C8B280EE6F700305CED /* RxRelay in Frameworks */ = {isa = PBXBuildFile; productRef = 08AA7C8A280EE6F700305CED /* RxRelay */; };
		08AA7C8D280EE6F700305CED /* RxSwift in Frameworks */ = {isa = PBXBuildFile; productRef = 08AA7C8C280EE6F700305CED /* RxSwift */; };
		08AA7C8F280F039000305CED /* Date+extension.swift in Sources */ = {isa = PBXBuildFile; fileRef = 08AA7C8E280F039000305CED /* Date+extension.swift */; };
		08ACF49327FFD2C60007E134 /* Ticker.swift in Sources */ = {isa = PBXBuildFile; fileRef = 08ACF49227FFD2C60007E134 /* Ticker.swift */; };
		08ACF49527FFD6050007E134 /* TickerResponse.swift in Sources */ = {isa = PBXBuildFile; fileRef = 08ACF49427FFD6050007E134 /* TickerResponse.swift */; };
		08B238D6280A8B4E0047D282 /* HuhoeMainViewModel.swift in Sources */ = {isa = PBXBuildFile; fileRef = 08B238D5280A8B4E0047D282 /* HuhoeMainViewModel.swift */; };
		08B238E0280ABF850047D282 /* Localizable.strings in Resources */ = {isa = PBXBuildFile; fileRef = 08B238E2280ABF850047D282 /* Localizable.strings */; };
		08BA05292805770E00F7CD53 /* CoinListCell.xib in Resources */ = {isa = PBXBuildFile; fileRef = 08BA05282805770E00F7CD53 /* CoinListCell.xib */; };
		08BA052B28057A7500F7CD53 /* CoinListCell.swift in Sources */ = {isa = PBXBuildFile; fileRef = 08BA052A28057A7500F7CD53 /* CoinListCell.swift */; };
		08C4BA8A2809388400482CB7 /* DefaultTickerDataSource.swift in Sources */ = {isa = PBXBuildFile; fileRef = 08C4BA892809388400482CB7 /* DefaultTickerDataSource.swift */; };
		08C4BA8C2809415D00482CB7 /* DefaultTransactionHistoryDataSource.swift in Sources */ = {isa = PBXBuildFile; fileRef = 08C4BA8B2809415D00482CB7 /* DefaultTransactionHistoryDataSource.swift */; };
		08C4BA8E2809445A00482CB7 /* DefaultCoinPriceHistoryDataSource.swift in Sources */ = {isa = PBXBuildFile; fileRef = 08C4BA8D2809445A00482CB7 /* DefaultCoinPriceHistoryDataSource.swift */; };
		08CA08742801223D00C94584 /* CandlestickRepository.swift in Sources */ = {isa = PBXBuildFile; fileRef = 08CA08732801223D00C94584 /* CandlestickRepository.swift */; };
		08CA0876280122D100C94584 /* DefaultCandlestickRepository.swift in Sources */ = {isa = PBXBuildFile; fileRef = 08CA0875280122D100C94584 /* DefaultCandlestickRepository.swift */; };
		08CA087928015EBE00C94584 /* CoinListUseCase.swift in Sources */ = {isa = PBXBuildFile; fileRef = 08CA087828015EBE00C94584 /* CoinListUseCase.swift */; };
		A64FC9AE27FF3A5600DFA82E /* CandlestickNetwork.swift in Sources */ = {isa = PBXBuildFile; fileRef = A64FC9AD27FF3A5600DFA82E /* CandlestickNetwork.swift */; };
		A652E611280D93C600738DAD /* MoneyTextField.swift in Sources */ = {isa = PBXBuildFile; fileRef = A652E610280D93C600738DAD /* MoneyTextField.swift */; };
		A652E615280EB2EC00738DAD /* DatePickerViewController.swift in Sources */ = {isa = PBXBuildFile; fileRef = A652E614280EB2EC00738DAD /* DatePickerViewController.swift */; };
		A66520842800649200783C58 /* DefaultTransactionHistoryRepository.swift in Sources */ = {isa = PBXBuildFile; fileRef = A66520832800649200783C58 /* DefaultTransactionHistoryRepository.swift */; };
		A6652086280064DF00783C58 /* TransactionHistoryRepository.swift in Sources */ = {isa = PBXBuildFile; fileRef = A6652085280064DF00783C58 /* TransactionHistoryRepository.swift */; };
		A691D560280AB77F005BFCB3 /* CoinInfoItem.swift in Sources */ = {isa = PBXBuildFile; fileRef = A691D55F280AB77F005BFCB3 /* CoinInfoItem.swift */; };
		A6E4DE3727FDB3F30005266D /* AppDelegate.swift in Sources */ = {isa = PBXBuildFile; fileRef = A6E4DE3627FDB3F30005266D /* AppDelegate.swift */; };
		A6E4DE3927FDB3F30005266D /* SceneDelegate.swift in Sources */ = {isa = PBXBuildFile; fileRef = A6E4DE3827FDB3F30005266D /* SceneDelegate.swift */; };
		A6E4DE3B27FDB3F30005266D /* HuhoeMainViewController.swift in Sources */ = {isa = PBXBuildFile; fileRef = A6E4DE3A27FDB3F30005266D /* HuhoeMainViewController.swift */; };
		A6E4DE3E27FDB3F30005266D /* HuhoeMainViewController.storyboard in Resources */ = {isa = PBXBuildFile; fileRef = A6E4DE3C27FDB3F30005266D /* HuhoeMainViewController.storyboard */; };
		A6E4DE4027FDB3F50005266D /* Assets.xcassets in Resources */ = {isa = PBXBuildFile; fileRef = A6E4DE3F27FDB3F50005266D /* Assets.xcassets */; };
		A6E4DE4327FDB3F50005266D /* LaunchScreen.storyboard in Resources */ = {isa = PBXBuildFile; fileRef = A6E4DE4127FDB3F50005266D /* LaunchScreen.storyboard */; };
		A6E4DE4E27FDB3F50005266D /* HuhoeTests.swift in Sources */ = {isa = PBXBuildFile; fileRef = A6E4DE4D27FDB3F50005266D /* HuhoeTests.swift */; };
		A6E4DE5827FDB3F50005266D /* HuhoeUITests.swift in Sources */ = {isa = PBXBuildFile; fileRef = A6E4DE5727FDB3F50005266D /* HuhoeUITests.swift */; };
		A6E4DE5A27FDB3F50005266D /* HuhoeUITestsLaunchTests.swift in Sources */ = {isa = PBXBuildFile; fileRef = A6E4DE5927FDB3F50005266D /* HuhoeUITestsLaunchTests.swift */; };
		A6E4DE7027FEEAF40005266D /* NetworkProvider.swift in Sources */ = {isa = PBXBuildFile; fileRef = A6E4DE6F27FEEAF40005266D /* NetworkProvider.swift */; };
		A6E4DE7327FEEEC10005266D /* Network.swift in Sources */ = {isa = PBXBuildFile; fileRef = A6E4DE7227FEEEC00005266D /* Network.swift */; };
		A6E4DE7527FEEF640005266D /* TickerNetwork.swift in Sources */ = {isa = PBXBuildFile; fileRef = A6E4DE7427FEEF640005266D /* TickerNetwork.swift */; };
		A6E4DE7827FF11AF0005266D /* APIPath.swift in Sources */ = {isa = PBXBuildFile; fileRef = A6E4DE7727FF11AF0005266D /* APIPath.swift */; };
		A6E4DE7A27FF15DF0005266D /* URLSeesionProtocol.swift in Sources */ = {isa = PBXBuildFile; fileRef = A6E4DE7927FF15DF0005266D /* URLSeesionProtocol.swift */; };
		A6E4DE7D27FF17C40005266D /* NetworkError.swift in Sources */ = {isa = PBXBuildFile; fileRef = A6E4DE7C27FF17C40005266D /* NetworkError.swift */; };
		A6E4DE8227FF2C950005266D /* TransactionHistoryNetwork.swift in Sources */ = {isa = PBXBuildFile; fileRef = A6E4DE8127FF2C950005266D /* TransactionHistoryNetwork.swift */; };
/* End PBXBuildFile section */

/* Begin PBXContainerItemProxy section */
		A6E4DE4A27FDB3F50005266D /* PBXContainerItemProxy */ = {
			isa = PBXContainerItemProxy;
			containerPortal = A6E4DE2B27FDB3F30005266D /* Project object */;
			proxyType = 1;
			remoteGlobalIDString = A6E4DE3227FDB3F30005266D;
			remoteInfo = Huhoe;
		};
		A6E4DE5427FDB3F50005266D /* PBXContainerItemProxy */ = {
			isa = PBXContainerItemProxy;
			containerPortal = A6E4DE2B27FDB3F30005266D /* Project object */;
			proxyType = 1;
			remoteGlobalIDString = A6E4DE3227FDB3F30005266D;
			remoteInfo = Huhoe;
		};
/* End PBXContainerItemProxy section */

/* Begin PBXFileReference section */
		089A925D27FFE2E100728107 /* Transaction.swift */ = {isa = PBXFileReference; lastKnownFileType = sourcecode.swift; path = Transaction.swift; sourceTree = "<group>"; };
		089A926027FFE43300728107 /* String+extension.swift */ = {isa = PBXFileReference; lastKnownFileType = sourcecode.swift; path = "String+extension.swift"; sourceTree = "<group>"; };
		089A926227FFFEAA00728107 /* CoinPriceHistory.swift */ = {isa = PBXFileReference; lastKnownFileType = sourcecode.swift; path = CoinPriceHistory.swift; sourceTree = "<group>"; };
		089A926E28002B2D00728107 /* TickerRepository.swift */ = {isa = PBXFileReference; lastKnownFileType = sourcecode.swift; path = TickerRepository.swift; sourceTree = "<group>"; };
		089A927028002DC800728107 /* DefaultTickerRepository.swift */ = {isa = PBXFileReference; lastKnownFileType = sourcecode.swift; path = DefaultTickerRepository.swift; sourceTree = "<group>"; };
		089E803627FF244F0055364F /* TickerAllResponseDTO+Mapping.swift */ = {isa = PBXFileReference; lastKnownFileType = sourcecode.swift; path = "TickerAllResponseDTO+Mapping.swift"; sourceTree = "<group>"; };
		089E803C27FF2C8A0055364F /* TransactionResponseDTO+Mapping.swift */ = {isa = PBXFileReference; lastKnownFileType = sourcecode.swift; path = "TransactionResponseDTO+Mapping.swift"; sourceTree = "<group>"; };
		089E803E27FF2D4D0055364F /* CandlestickResponseDTO+Mapping.swift */ = {isa = PBXFileReference; lastKnownFileType = sourcecode.swift; path = "CandlestickResponseDTO+Mapping.swift"; sourceTree = "<group>"; };
		08AA7C8E280F039000305CED /* Date+extension.swift */ = {isa = PBXFileReference; lastKnownFileType = sourcecode.swift; path = "Date+extension.swift"; sourceTree = "<group>"; };
		08ACF49227FFD2C60007E134 /* Ticker.swift */ = {isa = PBXFileReference; lastKnownFileType = sourcecode.swift; path = Ticker.swift; sourceTree = "<group>"; };
		08ACF49427FFD6050007E134 /* TickerResponse.swift */ = {isa = PBXFileReference; lastKnownFileType = sourcecode.swift; path = TickerResponse.swift; sourceTree = "<group>"; };
		08B238D5280A8B4E0047D282 /* HuhoeMainViewModel.swift */ = {isa = PBXFileReference; lastKnownFileType = sourcecode.swift; path = HuhoeMainViewModel.swift; sourceTree = "<group>"; };
		08B238E1280ABF850047D282 /* en */ = {isa = PBXFileReference; lastKnownFileType = text.plist.strings; name = en; path = en.lproj/Localizable.strings; sourceTree = "<group>"; };
		08BA05282805770E00F7CD53 /* CoinListCell.xib */ = {isa = PBXFileReference; lastKnownFileType = file.xib; path = CoinListCell.xib; sourceTree = "<group>"; };
		08BA052A28057A7500F7CD53 /* CoinListCell.swift */ = {isa = PBXFileReference; lastKnownFileType = sourcecode.swift; path = CoinListCell.swift; sourceTree = "<group>"; };
		08C4BA892809388400482CB7 /* DefaultTickerDataSource.swift */ = {isa = PBXFileReference; lastKnownFileType = sourcecode.swift; path = DefaultTickerDataSource.swift; sourceTree = "<group>"; };
		08C4BA8B2809415D00482CB7 /* DefaultTransactionHistoryDataSource.swift */ = {isa = PBXFileReference; lastKnownFileType = sourcecode.swift; path = DefaultTransactionHistoryDataSource.swift; sourceTree = "<group>"; };
		08C4BA8D2809445A00482CB7 /* DefaultCoinPriceHistoryDataSource.swift */ = {isa = PBXFileReference; lastKnownFileType = sourcecode.swift; path = DefaultCoinPriceHistoryDataSource.swift; sourceTree = "<group>"; };
		08CA08732801223D00C94584 /* CandlestickRepository.swift */ = {isa = PBXFileReference; lastKnownFileType = sourcecode.swift; path = CandlestickRepository.swift; sourceTree = "<group>"; };
		08CA0875280122D100C94584 /* DefaultCandlestickRepository.swift */ = {isa = PBXFileReference; lastKnownFileType = sourcecode.swift; path = DefaultCandlestickRepository.swift; sourceTree = "<group>"; };
		08CA087828015EBE00C94584 /* CoinListUseCase.swift */ = {isa = PBXFileReference; lastKnownFileType = sourcecode.swift; path = CoinListUseCase.swift; sourceTree = "<group>"; };
		A64FC9AD27FF3A5600DFA82E /* CandlestickNetwork.swift */ = {isa = PBXFileReference; lastKnownFileType = sourcecode.swift; path = CandlestickNetwork.swift; sourceTree = "<group>"; };
		A652E610280D93C600738DAD /* MoneyTextField.swift */ = {isa = PBXFileReference; lastKnownFileType = sourcecode.swift; path = MoneyTextField.swift; sourceTree = "<group>"; };
		A652E614280EB2EC00738DAD /* DatePickerViewController.swift */ = {isa = PBXFileReference; lastKnownFileType = sourcecode.swift; path = DatePickerViewController.swift; sourceTree = "<group>"; };
		A66520832800649200783C58 /* DefaultTransactionHistoryRepository.swift */ = {isa = PBXFileReference; lastKnownFileType = sourcecode.swift; path = DefaultTransactionHistoryRepository.swift; sourceTree = "<group>"; };
		A6652085280064DF00783C58 /* TransactionHistoryRepository.swift */ = {isa = PBXFileReference; lastKnownFileType = sourcecode.swift; path = TransactionHistoryRepository.swift; sourceTree = "<group>"; };
		A691D55F280AB77F005BFCB3 /* CoinInfoItem.swift */ = {isa = PBXFileReference; lastKnownFileType = sourcecode.swift; path = CoinInfoItem.swift; sourceTree = "<group>"; };
		A6E4DE3327FDB3F30005266D /* Huhoe.app */ = {isa = PBXFileReference; explicitFileType = wrapper.application; includeInIndex = 0; path = Huhoe.app; sourceTree = BUILT_PRODUCTS_DIR; };
		A6E4DE3627FDB3F30005266D /* AppDelegate.swift */ = {isa = PBXFileReference; lastKnownFileType = sourcecode.swift; path = AppDelegate.swift; sourceTree = "<group>"; };
		A6E4DE3827FDB3F30005266D /* SceneDelegate.swift */ = {isa = PBXFileReference; lastKnownFileType = sourcecode.swift; path = SceneDelegate.swift; sourceTree = "<group>"; };
		A6E4DE3A27FDB3F30005266D /* HuhoeMainViewController.swift */ = {isa = PBXFileReference; lastKnownFileType = sourcecode.swift; path = HuhoeMainViewController.swift; sourceTree = "<group>"; };
		A6E4DE3D27FDB3F30005266D /* Base */ = {isa = PBXFileReference; lastKnownFileType = file.storyboard; name = Base; path = Base.lproj/HuhoeMainViewController.storyboard; sourceTree = "<group>"; };
		A6E4DE3F27FDB3F50005266D /* Assets.xcassets */ = {isa = PBXFileReference; lastKnownFileType = folder.assetcatalog; path = Assets.xcassets; sourceTree = "<group>"; };
		A6E4DE4227FDB3F50005266D /* Base */ = {isa = PBXFileReference; lastKnownFileType = file.storyboard; name = Base; path = Base.lproj/LaunchScreen.storyboard; sourceTree = "<group>"; };
		A6E4DE4427FDB3F50005266D /* Info.plist */ = {isa = PBXFileReference; lastKnownFileType = text.plist.xml; path = Info.plist; sourceTree = "<group>"; };
		A6E4DE4927FDB3F50005266D /* HuhoeTests.xctest */ = {isa = PBXFileReference; explicitFileType = wrapper.cfbundle; includeInIndex = 0; path = HuhoeTests.xctest; sourceTree = BUILT_PRODUCTS_DIR; };
		A6E4DE4D27FDB3F50005266D /* HuhoeTests.swift */ = {isa = PBXFileReference; lastKnownFileType = sourcecode.swift; path = HuhoeTests.swift; sourceTree = "<group>"; };
		A6E4DE5327FDB3F50005266D /* HuhoeUITests.xctest */ = {isa = PBXFileReference; explicitFileType = wrapper.cfbundle; includeInIndex = 0; path = HuhoeUITests.xctest; sourceTree = BUILT_PRODUCTS_DIR; };
		A6E4DE5727FDB3F50005266D /* HuhoeUITests.swift */ = {isa = PBXFileReference; lastKnownFileType = sourcecode.swift; path = HuhoeUITests.swift; sourceTree = "<group>"; };
		A6E4DE5927FDB3F50005266D /* HuhoeUITestsLaunchTests.swift */ = {isa = PBXFileReference; lastKnownFileType = sourcecode.swift; path = HuhoeUITestsLaunchTests.swift; sourceTree = "<group>"; };
		A6E4DE6F27FEEAF40005266D /* NetworkProvider.swift */ = {isa = PBXFileReference; lastKnownFileType = sourcecode.swift; path = NetworkProvider.swift; sourceTree = "<group>"; };
		A6E4DE7227FEEEC00005266D /* Network.swift */ = {isa = PBXFileReference; lastKnownFileType = sourcecode.swift; path = Network.swift; sourceTree = "<group>"; };
		A6E4DE7427FEEF640005266D /* TickerNetwork.swift */ = {isa = PBXFileReference; lastKnownFileType = sourcecode.swift; path = TickerNetwork.swift; sourceTree = "<group>"; };
		A6E4DE7727FF11AF0005266D /* APIPath.swift */ = {isa = PBXFileReference; lastKnownFileType = sourcecode.swift; path = APIPath.swift; sourceTree = "<group>"; };
		A6E4DE7927FF15DF0005266D /* URLSeesionProtocol.swift */ = {isa = PBXFileReference; lastKnownFileType = sourcecode.swift; path = URLSeesionProtocol.swift; sourceTree = "<group>"; };
		A6E4DE7C27FF17C40005266D /* NetworkError.swift */ = {isa = PBXFileReference; lastKnownFileType = sourcecode.swift; path = NetworkError.swift; sourceTree = "<group>"; };
		A6E4DE8127FF2C950005266D /* TransactionHistoryNetwork.swift */ = {isa = PBXFileReference; lastKnownFileType = sourcecode.swift; path = TransactionHistoryNetwork.swift; sourceTree = "<group>"; };
/* End PBXFileReference section */

/* Begin PBXFrameworksBuildPhase section */
		A6E4DE3027FDB3F30005266D /* Frameworks */ = {
			isa = PBXFrameworksBuildPhase;
			buildActionMask = 2147483647;
			files = (
				08AA7C8D280EE6F700305CED /* RxSwift in Frameworks */,
				08AA7C8B280EE6F700305CED /* RxRelay in Frameworks */,
				08AA7C89280EE6F700305CED /* RxCocoa in Frameworks */,
			);
			runOnlyForDeploymentPostprocessing = 0;
		};
		A6E4DE4627FDB3F50005266D /* Frameworks */ = {
			isa = PBXFrameworksBuildPhase;
			buildActionMask = 2147483647;
			files = (
			);
			runOnlyForDeploymentPostprocessing = 0;
		};
		A6E4DE5027FDB3F50005266D /* Frameworks */ = {
			isa = PBXFrameworksBuildPhase;
			buildActionMask = 2147483647;
			files = (
			);
			runOnlyForDeploymentPostprocessing = 0;
		};
/* End PBXFrameworksBuildPhase section */

/* Begin PBXGroup section */
		084F769027FDB9DF00BAE500 /* Resource */ = {
			isa = PBXGroup;
			children = (
				A6E4DE4127FDB3F50005266D /* LaunchScreen.storyboard */,
				A6E4DE4427FDB3F50005266D /* Info.plist */,
				A6E4DE3F27FDB3F50005266D /* Assets.xcassets */,
				08B238E2280ABF850047D282 /* Localizable.strings */,
			);
			path = Resource;
			sourceTree = "<group>";
		};
		084F769127FDB9FD00BAE500 /* Domain */ = {
			isa = PBXGroup;
			children = (
				08CA08772801588700C94584 /* UseCases */,
				089A926C28002B0F00728107 /* Interfaces */,
				08ACF49127FFD2AB0007E134 /* Entities */,
			);
			path = Domain;
			sourceTree = "<group>";
		};
		084F769227FDBA0900BAE500 /* Data */ = {
			isa = PBXGroup;
			children = (
				08C4BA882809385B00482CB7 /* Data Source */,
				089A926B28002AD300728107 /* Repositories */,
				089E803427FF233A0055364F /* NetworkDTO */,
				A6E4DE7727FF11AF0005266D /* APIPath.swift */,
				A6E4DE7627FEEF680005266D /* API */,
				A6E4DE7127FEEB540005266D /* Network */,
			);
			path = Data;
			sourceTree = "<group>";
		};
		084F769327FDBB4D00BAE500 /* Presentation */ = {
			isa = PBXGroup;
			children = (
				084F769527FDC26E00BAE500 /* Scene */,
			);
			path = Presentation;
			sourceTree = "<group>";
		};
		084F769427FDBE7500BAE500 /* Application */ = {
			isa = PBXGroup;
			children = (
				A6E4DE3627FDB3F30005266D /* AppDelegate.swift */,
				A6E4DE3827FDB3F30005266D /* SceneDelegate.swift */,
			);
			path = Application;
			sourceTree = "<group>";
		};
		084F769527FDC26E00BAE500 /* Scene */ = {
			isa = PBXGroup;
			children = (
				084F769627FDC27600BAE500 /* HuhoeMain */,
			);
			path = Scene;
			sourceTree = "<group>";
		};
		084F769627FDC27600BAE500 /* HuhoeMain */ = {
			isa = PBXGroup;
			children = (
				08B238D4280A8B3B0047D282 /* ViewModel */,
				084F769727FDC2B600BAE500 /* View */,
			);
			path = HuhoeMain;
			sourceTree = "<group>";
		};
		084F769727FDC2B600BAE500 /* View */ = {
			isa = PBXGroup;
			children = (
				A6E4DE3C27FDB3F30005266D /* HuhoeMainViewController.storyboard */,
				A6E4DE3A27FDB3F30005266D /* HuhoeMainViewController.swift */,
				08BA05282805770E00F7CD53 /* CoinListCell.xib */,
				08BA052A28057A7500F7CD53 /* CoinListCell.swift */,
				A652E610280D93C600738DAD /* MoneyTextField.swift */,
				A652E614280EB2EC00738DAD /* DatePickerViewController.swift */,
			);
			path = View;
			sourceTree = "<group>";
		};
		089A925F27FFE41E00728107 /* Util */ = {
			isa = PBXGroup;
			children = (
				089A926027FFE43300728107 /* String+extension.swift */,
				08AA7C8E280F039000305CED /* Date+extension.swift */,
			);
			path = Util;
			sourceTree = "<group>";
		};
		089A926B28002AD300728107 /* Repositories */ = {
			isa = PBXGroup;
			children = (
				089A927028002DC800728107 /* DefaultTickerRepository.swift */,
				A66520832800649200783C58 /* DefaultTransactionHistoryRepository.swift */,
				08CA0875280122D100C94584 /* DefaultCandlestickRepository.swift */,
			);
			path = Repositories;
			sourceTree = "<group>";
		};
		089A926C28002B0F00728107 /* Interfaces */ = {
			isa = PBXGroup;
			children = (
				089A926D28002B1D00728107 /* Repositories */,
			);
			path = Interfaces;
			sourceTree = "<group>";
		};
		089A926D28002B1D00728107 /* Repositories */ = {
			isa = PBXGroup;
			children = (
				089A926E28002B2D00728107 /* TickerRepository.swift */,
				A6652085280064DF00783C58 /* TransactionHistoryRepository.swift */,
				08CA08732801223D00C94584 /* CandlestickRepository.swift */,
			);
			path = Repositories;
			sourceTree = "<group>";
		};
		089E803427FF233A0055364F /* NetworkDTO */ = {
			isa = PBXGroup;
			children = (
				089E803527FF24130055364F /* DataMapping */,
			);
			path = NetworkDTO;
			sourceTree = "<group>";
		};
		089E803527FF24130055364F /* DataMapping */ = {
			isa = PBXGroup;
			children = (
				089E803627FF244F0055364F /* TickerAllResponseDTO+Mapping.swift */,
				089E803C27FF2C8A0055364F /* TransactionResponseDTO+Mapping.swift */,
				089E803E27FF2D4D0055364F /* CandlestickResponseDTO+Mapping.swift */,
			);
			path = DataMapping;
			sourceTree = "<group>";
		};
		08ACF49127FFD2AB0007E134 /* Entities */ = {
			isa = PBXGroup;
			children = (
				08ACF49427FFD6050007E134 /* TickerResponse.swift */,
				08ACF49227FFD2C60007E134 /* Ticker.swift */,
				089A925D27FFE2E100728107 /* Transaction.swift */,
				089A926227FFFEAA00728107 /* CoinPriceHistory.swift */,
			);
			path = Entities;
			sourceTree = "<group>";
		};
		08B238D4280A8B3B0047D282 /* ViewModel */ = {
			isa = PBXGroup;
			children = (
				08B238D5280A8B4E0047D282 /* HuhoeMainViewModel.swift */,
				A691D55F280AB77F005BFCB3 /* CoinInfoItem.swift */,
			);
			path = ViewModel;
			sourceTree = "<group>";
		};
		08C4BA882809385B00482CB7 /* Data Source */ = {
			isa = PBXGroup;
			children = (
				08C4BA892809388400482CB7 /* DefaultTickerDataSource.swift */,
				08C4BA8B2809415D00482CB7 /* DefaultTransactionHistoryDataSource.swift */,
				08C4BA8D2809445A00482CB7 /* DefaultCoinPriceHistoryDataSource.swift */,
			);
			path = "Data Source";
			sourceTree = "<group>";
		};
		08CA08772801588700C94584 /* UseCases */ = {
			isa = PBXGroup;
			children = (
				08CA087828015EBE00C94584 /* CoinListUseCase.swift */,
			);
			path = UseCases;
			sourceTree = "<group>";
		};
		A6E4DE2A27FDB3F30005266D = {
			isa = PBXGroup;
			children = (
				A6E4DE3527FDB3F30005266D /* Huhoe */,
				A6E4DE4C27FDB3F50005266D /* HuhoeTests */,
				A6E4DE5627FDB3F50005266D /* HuhoeUITests */,
				A6E4DE3427FDB3F30005266D /* Products */,
			);
			sourceTree = "<group>";
		};
		A6E4DE3427FDB3F30005266D /* Products */ = {
			isa = PBXGroup;
			children = (
				A6E4DE3327FDB3F30005266D /* Huhoe.app */,
				A6E4DE4927FDB3F50005266D /* HuhoeTests.xctest */,
				A6E4DE5327FDB3F50005266D /* HuhoeUITests.xctest */,
			);
			name = Products;
			sourceTree = "<group>";
		};
		A6E4DE3527FDB3F30005266D /* Huhoe */ = {
			isa = PBXGroup;
			children = (
				089A925F27FFE41E00728107 /* Util */,
				084F769427FDBE7500BAE500 /* Application */,
				084F769327FDBB4D00BAE500 /* Presentation */,
				084F769227FDBA0900BAE500 /* Data */,
				084F769127FDB9FD00BAE500 /* Domain */,
				084F769027FDB9DF00BAE500 /* Resource */,
			);
			path = Huhoe;
			sourceTree = "<group>";
		};
		A6E4DE4C27FDB3F50005266D /* HuhoeTests */ = {
			isa = PBXGroup;
			children = (
				A6E4DE4D27FDB3F50005266D /* HuhoeTests.swift */,
			);
			path = HuhoeTests;
			sourceTree = "<group>";
		};
		A6E4DE5627FDB3F50005266D /* HuhoeUITests */ = {
			isa = PBXGroup;
			children = (
				A6E4DE5727FDB3F50005266D /* HuhoeUITests.swift */,
				A6E4DE5927FDB3F50005266D /* HuhoeUITestsLaunchTests.swift */,
			);
			path = HuhoeUITests;
			sourceTree = "<group>";
		};
		A6E4DE7127FEEB540005266D /* Network */ = {
			isa = PBXGroup;
			children = (
				A6E4DE7227FEEEC00005266D /* Network.swift */,
				A6E4DE6F27FEEAF40005266D /* NetworkProvider.swift */,
				A6E4DE7B27FF171E0005266D /* Protocol */,
				A6E4DE7E27FF17D30005266D /* Error */,
			);
			path = Network;
			sourceTree = "<group>";
		};
		A6E4DE7627FEEF680005266D /* API */ = {
			isa = PBXGroup;
			children = (
				A6E4DE7427FEEF640005266D /* TickerNetwork.swift */,
				A6E4DE8127FF2C950005266D /* TransactionHistoryNetwork.swift */,
				A64FC9AD27FF3A5600DFA82E /* CandlestickNetwork.swift */,
			);
			path = API;
			sourceTree = "<group>";
		};
		A6E4DE7B27FF171E0005266D /* Protocol */ = {
			isa = PBXGroup;
			children = (
				A6E4DE7927FF15DF0005266D /* URLSeesionProtocol.swift */,
			);
			path = Protocol;
			sourceTree = "<group>";
		};
		A6E4DE7E27FF17D30005266D /* Error */ = {
			isa = PBXGroup;
			children = (
				A6E4DE7C27FF17C40005266D /* NetworkError.swift */,
			);
			path = Error;
			sourceTree = "<group>";
		};
/* End PBXGroup section */

/* Begin PBXNativeTarget section */
		A6E4DE3227FDB3F30005266D /* Huhoe */ = {
			isa = PBXNativeTarget;
			buildConfigurationList = A6E4DE5D27FDB3F50005266D /* Build configuration list for PBXNativeTarget "Huhoe" */;
			buildPhases = (
				A6E4DE2F27FDB3F30005266D /* Sources */,
				A6E4DE3027FDB3F30005266D /* Frameworks */,
				A6E4DE3127FDB3F30005266D /* Resources */,
			);
			buildRules = (
			);
			dependencies = (
			);
			name = Huhoe;
			packageProductDependencies = (
				08AA7C88280EE6F700305CED /* RxCocoa */,
				08AA7C8A280EE6F700305CED /* RxRelay */,
				08AA7C8C280EE6F700305CED /* RxSwift */,
			);
			productName = Huhoe;
			productReference = A6E4DE3327FDB3F30005266D /* Huhoe.app */;
			productType = "com.apple.product-type.application";
		};
		A6E4DE4827FDB3F50005266D /* HuhoeTests */ = {
			isa = PBXNativeTarget;
			buildConfigurationList = A6E4DE6027FDB3F50005266D /* Build configuration list for PBXNativeTarget "HuhoeTests" */;
			buildPhases = (
				A6E4DE4527FDB3F50005266D /* Sources */,
				A6E4DE4627FDB3F50005266D /* Frameworks */,
				A6E4DE4727FDB3F50005266D /* Resources */,
			);
			buildRules = (
			);
			dependencies = (
				A6E4DE4B27FDB3F50005266D /* PBXTargetDependency */,
			);
			name = HuhoeTests;
			productName = HuhoeTests;
			productReference = A6E4DE4927FDB3F50005266D /* HuhoeTests.xctest */;
			productType = "com.apple.product-type.bundle.unit-test";
		};
		A6E4DE5227FDB3F50005266D /* HuhoeUITests */ = {
			isa = PBXNativeTarget;
			buildConfigurationList = A6E4DE6327FDB3F50005266D /* Build configuration list for PBXNativeTarget "HuhoeUITests" */;
			buildPhases = (
				A6E4DE4F27FDB3F50005266D /* Sources */,
				A6E4DE5027FDB3F50005266D /* Frameworks */,
				A6E4DE5127FDB3F50005266D /* Resources */,
			);
			buildRules = (
			);
			dependencies = (
				A6E4DE5527FDB3F50005266D /* PBXTargetDependency */,
			);
			name = HuhoeUITests;
			productName = HuhoeUITests;
			productReference = A6E4DE5327FDB3F50005266D /* HuhoeUITests.xctest */;
			productType = "com.apple.product-type.bundle.ui-testing";
		};
/* End PBXNativeTarget section */

/* Begin PBXProject section */
		A6E4DE2B27FDB3F30005266D /* Project object */ = {
			isa = PBXProject;
			attributes = {
				BuildIndependentTargetsInParallel = 1;
				LastSwiftUpdateCheck = 1330;
				LastUpgradeCheck = 1330;
				TargetAttributes = {
					A6E4DE3227FDB3F30005266D = {
						CreatedOnToolsVersion = 13.3;
					};
					A6E4DE4827FDB3F50005266D = {
						CreatedOnToolsVersion = 13.3;
						TestTargetID = A6E4DE3227FDB3F30005266D;
					};
					A6E4DE5227FDB3F50005266D = {
						CreatedOnToolsVersion = 13.3;
						TestTargetID = A6E4DE3227FDB3F30005266D;
					};
				};
			};
			buildConfigurationList = A6E4DE2E27FDB3F30005266D /* Build configuration list for PBXProject "Huhoe" */;
			compatibilityVersion = "Xcode 13.0";
			developmentRegion = en;
			hasScannedForEncodings = 0;
			knownRegions = (
				en,
				Base,
			);
			mainGroup = A6E4DE2A27FDB3F30005266D;
			packageReferences = (
				08AA7C87280EE6F700305CED /* XCRemoteSwiftPackageReference "RxSwift" */,
			);
			productRefGroup = A6E4DE3427FDB3F30005266D /* Products */;
			projectDirPath = "";
			projectRoot = "";
			targets = (
				A6E4DE3227FDB3F30005266D /* Huhoe */,
				A6E4DE4827FDB3F50005266D /* HuhoeTests */,
				A6E4DE5227FDB3F50005266D /* HuhoeUITests */,
			);
		};
/* End PBXProject section */

/* Begin PBXResourcesBuildPhase section */
		A6E4DE3127FDB3F30005266D /* Resources */ = {
			isa = PBXResourcesBuildPhase;
			buildActionMask = 2147483647;
			files = (
				08B238E0280ABF850047D282 /* Localizable.strings in Resources */,
				A6E4DE4327FDB3F50005266D /* LaunchScreen.storyboard in Resources */,
				A6E4DE4027FDB3F50005266D /* Assets.xcassets in Resources */,
				08BA05292805770E00F7CD53 /* CoinListCell.xib in Resources */,
				A6E4DE3E27FDB3F30005266D /* HuhoeMainViewController.storyboard in Resources */,
			);
			runOnlyForDeploymentPostprocessing = 0;
		};
		A6E4DE4727FDB3F50005266D /* Resources */ = {
			isa = PBXResourcesBuildPhase;
			buildActionMask = 2147483647;
			files = (
			);
			runOnlyForDeploymentPostprocessing = 0;
		};
		A6E4DE5127FDB3F50005266D /* Resources */ = {
			isa = PBXResourcesBuildPhase;
			buildActionMask = 2147483647;
			files = (
			);
			runOnlyForDeploymentPostprocessing = 0;
		};
/* End PBXResourcesBuildPhase section */

/* Begin PBXSourcesBuildPhase section */
		A6E4DE2F27FDB3F30005266D /* Sources */ = {
			isa = PBXSourcesBuildPhase;
			buildActionMask = 2147483647;
			files = (
				089A927128002DC800728107 /* DefaultTickerRepository.swift in Sources */,
				A66520842800649200783C58 /* DefaultTransactionHistoryRepository.swift in Sources */,
				A64FC9AE27FF3A5600DFA82E /* CandlestickNetwork.swift in Sources */,
				08CA08742801223D00C94584 /* CandlestickRepository.swift in Sources */,
				A6E4DE7327FEEEC10005266D /* Network.swift in Sources */,
				A652E611280D93C600738DAD /* MoneyTextField.swift in Sources */,
				089A926327FFFEAA00728107 /* CoinPriceHistory.swift in Sources */,
				08ACF49527FFD6050007E134 /* TickerResponse.swift in Sources */,
				A6E4DE3B27FDB3F30005266D /* HuhoeMainViewController.swift in Sources */,
				A6E4DE7027FEEAF40005266D /* NetworkProvider.swift in Sources */,
				A6E4DE8227FF2C950005266D /* TransactionHistoryNetwork.swift in Sources */,
				089E803F27FF2D4D0055364F /* CandlestickResponseDTO+Mapping.swift in Sources */,
				A652E615280EB2EC00738DAD /* DatePickerViewController.swift in Sources */,
				089A925E27FFE2E100728107 /* Transaction.swift in Sources */,
				08C4BA8E2809445A00482CB7 /* DefaultCoinPriceHistoryDataSource.swift in Sources */,
				089A926127FFE43300728107 /* String+extension.swift in Sources */,
				08ACF49327FFD2C60007E134 /* Ticker.swift in Sources */,
				089E803D27FF2C8A0055364F /* TransactionResponseDTO+Mapping.swift in Sources */,
				089E803727FF244F0055364F /* TickerAllResponseDTO+Mapping.swift in Sources */,
				A691D560280AB77F005BFCB3 /* CoinInfoItem.swift in Sources */,
				08CA087928015EBE00C94584 /* CoinListUseCase.swift in Sources */,
				08C4BA8C2809415D00482CB7 /* DefaultTransactionHistoryDataSource.swift in Sources */,
				A6E4DE3727FDB3F30005266D /* AppDelegate.swift in Sources */,
				08C4BA8A2809388400482CB7 /* DefaultTickerDataSource.swift in Sources */,
				A6E4DE7827FF11AF0005266D /* APIPath.swift in Sources */,
				08CA0876280122D100C94584 /* DefaultCandlestickRepository.swift in Sources */,
				A6E4DE7527FEEF640005266D /* TickerNetwork.swift in Sources */,
				08AA7C8F280F039000305CED /* Date+extension.swift in Sources */,
				A6652086280064DF00783C58 /* TransactionHistoryRepository.swift in Sources */,
				A6E4DE7D27FF17C40005266D /* NetworkError.swift in Sources */,
				08BA052B28057A7500F7CD53 /* CoinListCell.swift in Sources */,
				A6E4DE7A27FF15DF0005266D /* URLSeesionProtocol.swift in Sources */,
				A6E4DE3927FDB3F30005266D /* SceneDelegate.swift in Sources */,
				08B238D6280A8B4E0047D282 /* HuhoeMainViewModel.swift in Sources */,
				089A926F28002B2D00728107 /* TickerRepository.swift in Sources */,
			);
			runOnlyForDeploymentPostprocessing = 0;
		};
		A6E4DE4527FDB3F50005266D /* Sources */ = {
			isa = PBXSourcesBuildPhase;
			buildActionMask = 2147483647;
			files = (
				A6E4DE4E27FDB3F50005266D /* HuhoeTests.swift in Sources */,
			);
			runOnlyForDeploymentPostprocessing = 0;
		};
		A6E4DE4F27FDB3F50005266D /* Sources */ = {
			isa = PBXSourcesBuildPhase;
			buildActionMask = 2147483647;
			files = (
				A6E4DE5A27FDB3F50005266D /* HuhoeUITestsLaunchTests.swift in Sources */,
				A6E4DE5827FDB3F50005266D /* HuhoeUITests.swift in Sources */,
			);
			runOnlyForDeploymentPostprocessing = 0;
		};
/* End PBXSourcesBuildPhase section */

/* Begin PBXTargetDependency section */
		A6E4DE4B27FDB3F50005266D /* PBXTargetDependency */ = {
			isa = PBXTargetDependency;
			target = A6E4DE3227FDB3F30005266D /* Huhoe */;
			targetProxy = A6E4DE4A27FDB3F50005266D /* PBXContainerItemProxy */;
		};
		A6E4DE5527FDB3F50005266D /* PBXTargetDependency */ = {
			isa = PBXTargetDependency;
			target = A6E4DE3227FDB3F30005266D /* Huhoe */;
			targetProxy = A6E4DE5427FDB3F50005266D /* PBXContainerItemProxy */;
		};
/* End PBXTargetDependency section */

/* Begin PBXVariantGroup section */
		08B238E2280ABF850047D282 /* Localizable.strings */ = {
			isa = PBXVariantGroup;
			children = (
				08B238E1280ABF850047D282 /* en */,
			);
			name = Localizable.strings;
			sourceTree = "<group>";
		};
		A6E4DE3C27FDB3F30005266D /* HuhoeMainViewController.storyboard */ = {
			isa = PBXVariantGroup;
			children = (
				A6E4DE3D27FDB3F30005266D /* Base */,
			);
			name = HuhoeMainViewController.storyboard;
			sourceTree = "<group>";
		};
		A6E4DE4127FDB3F50005266D /* LaunchScreen.storyboard */ = {
			isa = PBXVariantGroup;
			children = (
				A6E4DE4227FDB3F50005266D /* Base */,
			);
			name = LaunchScreen.storyboard;
			sourceTree = "<group>";
		};
/* End PBXVariantGroup section */

/* Begin XCBuildConfiguration section */
		A6E4DE5B27FDB3F50005266D /* Debug */ = {
			isa = XCBuildConfiguration;
			buildSettings = {
				ALWAYS_SEARCH_USER_PATHS = NO;
				CLANG_ANALYZER_NONNULL = YES;
				CLANG_ANALYZER_NUMBER_OBJECT_CONVERSION = YES_AGGRESSIVE;
				CLANG_CXX_LANGUAGE_STANDARD = "gnu++17";
				CLANG_ENABLE_MODULES = YES;
				CLANG_ENABLE_OBJC_ARC = YES;
				CLANG_ENABLE_OBJC_WEAK = YES;
				CLANG_WARN_BLOCK_CAPTURE_AUTORELEASING = YES;
				CLANG_WARN_BOOL_CONVERSION = YES;
				CLANG_WARN_COMMA = YES;
				CLANG_WARN_CONSTANT_CONVERSION = YES;
				CLANG_WARN_DEPRECATED_OBJC_IMPLEMENTATIONS = YES;
				CLANG_WARN_DIRECT_OBJC_ISA_USAGE = YES_ERROR;
				CLANG_WARN_DOCUMENTATION_COMMENTS = YES;
				CLANG_WARN_EMPTY_BODY = YES;
				CLANG_WARN_ENUM_CONVERSION = YES;
				CLANG_WARN_INFINITE_RECURSION = YES;
				CLANG_WARN_INT_CONVERSION = YES;
				CLANG_WARN_NON_LITERAL_NULL_CONVERSION = YES;
				CLANG_WARN_OBJC_IMPLICIT_RETAIN_SELF = YES;
				CLANG_WARN_OBJC_LITERAL_CONVERSION = YES;
				CLANG_WARN_OBJC_ROOT_CLASS = YES_ERROR;
				CLANG_WARN_QUOTED_INCLUDE_IN_FRAMEWORK_HEADER = YES;
				CLANG_WARN_RANGE_LOOP_ANALYSIS = YES;
				CLANG_WARN_STRICT_PROTOTYPES = YES;
				CLANG_WARN_SUSPICIOUS_MOVE = YES;
				CLANG_WARN_UNGUARDED_AVAILABILITY = YES_AGGRESSIVE;
				CLANG_WARN_UNREACHABLE_CODE = YES;
				CLANG_WARN__DUPLICATE_METHOD_MATCH = YES;
				COPY_PHASE_STRIP = NO;
				DEBUG_INFORMATION_FORMAT = dwarf;
				ENABLE_STRICT_OBJC_MSGSEND = YES;
				ENABLE_TESTABILITY = YES;
				GCC_C_LANGUAGE_STANDARD = gnu11;
				GCC_DYNAMIC_NO_PIC = NO;
				GCC_NO_COMMON_BLOCKS = YES;
				GCC_OPTIMIZATION_LEVEL = 0;
				GCC_PREPROCESSOR_DEFINITIONS = (
					"DEBUG=1",
					"$(inherited)",
				);
				GCC_WARN_64_TO_32_BIT_CONVERSION = YES;
				GCC_WARN_ABOUT_RETURN_TYPE = YES_ERROR;
				GCC_WARN_UNDECLARED_SELECTOR = YES;
				GCC_WARN_UNINITIALIZED_AUTOS = YES_AGGRESSIVE;
				GCC_WARN_UNUSED_FUNCTION = YES;
				GCC_WARN_UNUSED_VARIABLE = YES;
				IPHONEOS_DEPLOYMENT_TARGET = 15.0;
				MTL_ENABLE_DEBUG_INFO = INCLUDE_SOURCE;
				MTL_FAST_MATH = YES;
				ONLY_ACTIVE_ARCH = YES;
				SDKROOT = iphoneos;
				SWIFT_ACTIVE_COMPILATION_CONDITIONS = DEBUG;
				SWIFT_OPTIMIZATION_LEVEL = "-Onone";
			};
			name = Debug;
		};
		A6E4DE5C27FDB3F50005266D /* Release */ = {
			isa = XCBuildConfiguration;
			buildSettings = {
				ALWAYS_SEARCH_USER_PATHS = NO;
				CLANG_ANALYZER_NONNULL = YES;
				CLANG_ANALYZER_NUMBER_OBJECT_CONVERSION = YES_AGGRESSIVE;
				CLANG_CXX_LANGUAGE_STANDARD = "gnu++17";
				CLANG_ENABLE_MODULES = YES;
				CLANG_ENABLE_OBJC_ARC = YES;
				CLANG_ENABLE_OBJC_WEAK = YES;
				CLANG_WARN_BLOCK_CAPTURE_AUTORELEASING = YES;
				CLANG_WARN_BOOL_CONVERSION = YES;
				CLANG_WARN_COMMA = YES;
				CLANG_WARN_CONSTANT_CONVERSION = YES;
				CLANG_WARN_DEPRECATED_OBJC_IMPLEMENTATIONS = YES;
				CLANG_WARN_DIRECT_OBJC_ISA_USAGE = YES_ERROR;
				CLANG_WARN_DOCUMENTATION_COMMENTS = YES;
				CLANG_WARN_EMPTY_BODY = YES;
				CLANG_WARN_ENUM_CONVERSION = YES;
				CLANG_WARN_INFINITE_RECURSION = YES;
				CLANG_WARN_INT_CONVERSION = YES;
				CLANG_WARN_NON_LITERAL_NULL_CONVERSION = YES;
				CLANG_WARN_OBJC_IMPLICIT_RETAIN_SELF = YES;
				CLANG_WARN_OBJC_LITERAL_CONVERSION = YES;
				CLANG_WARN_OBJC_ROOT_CLASS = YES_ERROR;
				CLANG_WARN_QUOTED_INCLUDE_IN_FRAMEWORK_HEADER = YES;
				CLANG_WARN_RANGE_LOOP_ANALYSIS = YES;
				CLANG_WARN_STRICT_PROTOTYPES = YES;
				CLANG_WARN_SUSPICIOUS_MOVE = YES;
				CLANG_WARN_UNGUARDED_AVAILABILITY = YES_AGGRESSIVE;
				CLANG_WARN_UNREACHABLE_CODE = YES;
				CLANG_WARN__DUPLICATE_METHOD_MATCH = YES;
				COPY_PHASE_STRIP = NO;
				DEBUG_INFORMATION_FORMAT = "dwarf-with-dsym";
				ENABLE_NS_ASSERTIONS = NO;
				ENABLE_STRICT_OBJC_MSGSEND = YES;
				GCC_C_LANGUAGE_STANDARD = gnu11;
				GCC_NO_COMMON_BLOCKS = YES;
				GCC_WARN_64_TO_32_BIT_CONVERSION = YES;
				GCC_WARN_ABOUT_RETURN_TYPE = YES_ERROR;
				GCC_WARN_UNDECLARED_SELECTOR = YES;
				GCC_WARN_UNINITIALIZED_AUTOS = YES_AGGRESSIVE;
				GCC_WARN_UNUSED_FUNCTION = YES;
				GCC_WARN_UNUSED_VARIABLE = YES;
				IPHONEOS_DEPLOYMENT_TARGET = 15.0;
				MTL_ENABLE_DEBUG_INFO = NO;
				MTL_FAST_MATH = YES;
				SDKROOT = iphoneos;
				SWIFT_COMPILATION_MODE = wholemodule;
				SWIFT_OPTIMIZATION_LEVEL = "-O";
				VALIDATE_PRODUCT = YES;
			};
			name = Release;
		};
		A6E4DE5E27FDB3F50005266D /* Debug */ = {
			isa = XCBuildConfiguration;
			buildSettings = {
				ASSETCATALOG_COMPILER_APPICON_NAME = AppIcon;
				ASSETCATALOG_COMPILER_GLOBAL_ACCENT_COLOR_NAME = AccentColor;
				CODE_SIGN_STYLE = Automatic;
				CURRENT_PROJECT_VERSION = 1;
				DEVELOPMENT_TEAM = RL265827ML;
				GENERATE_INFOPLIST_FILE = YES;
				INFOPLIST_FILE = Huhoe/Resource/Info.plist;
				INFOPLIST_KEY_UIApplicationSupportsIndirectInputEvents = YES;
				INFOPLIST_KEY_UILaunchStoryboardName = LaunchScreen;
				INFOPLIST_KEY_UIMainStoryboardFile = HuhoeMainViewController;
				INFOPLIST_KEY_UISupportedInterfaceOrientations = UIInterfaceOrientationPortrait;
				INFOPLIST_KEY_UISupportedInterfaceOrientations_iPad = "UIInterfaceOrientationPortrait UIInterfaceOrientationPortraitUpsideDown UIInterfaceOrientationLandscapeLeft UIInterfaceOrientationLandscapeRight";
				INFOPLIST_KEY_UISupportedInterfaceOrientations_iPhone = "UIInterfaceOrientationPortrait UIInterfaceOrientationLandscapeLeft UIInterfaceOrientationLandscapeRight";
				LD_RUNPATH_SEARCH_PATHS = (
					"$(inherited)",
					"@executable_path/Frameworks",
				);
				MARKETING_VERSION = 1.0;
				PRODUCT_BUNDLE_IDENTIFIER = Huhoe.com;
				PRODUCT_NAME = "$(TARGET_NAME)";
				SWIFT_EMIT_LOC_STRINGS = YES;
				SWIFT_VERSION = 5.0;
				TARGETED_DEVICE_FAMILY = 1;
			};
			name = Debug;
		};
		A6E4DE5F27FDB3F50005266D /* Release */ = {
			isa = XCBuildConfiguration;
			buildSettings = {
				ASSETCATALOG_COMPILER_APPICON_NAME = AppIcon;
				ASSETCATALOG_COMPILER_GLOBAL_ACCENT_COLOR_NAME = AccentColor;
				CODE_SIGN_STYLE = Automatic;
				CURRENT_PROJECT_VERSION = 1;
				DEVELOPMENT_TEAM = RL265827ML;
				GENERATE_INFOPLIST_FILE = YES;
				INFOPLIST_FILE = Huhoe/Resource/Info.plist;
				INFOPLIST_KEY_UIApplicationSupportsIndirectInputEvents = YES;
				INFOPLIST_KEY_UILaunchStoryboardName = LaunchScreen;
				INFOPLIST_KEY_UIMainStoryboardFile = HuhoeMainViewController;
				INFOPLIST_KEY_UISupportedInterfaceOrientations = UIInterfaceOrientationPortrait;
				INFOPLIST_KEY_UISupportedInterfaceOrientations_iPad = "UIInterfaceOrientationPortrait UIInterfaceOrientationPortraitUpsideDown UIInterfaceOrientationLandscapeLeft UIInterfaceOrientationLandscapeRight";
				INFOPLIST_KEY_UISupportedInterfaceOrientations_iPhone = "UIInterfaceOrientationPortrait UIInterfaceOrientationLandscapeLeft UIInterfaceOrientationLandscapeRight";
				LD_RUNPATH_SEARCH_PATHS = (
					"$(inherited)",
					"@executable_path/Frameworks",
				);
				MARKETING_VERSION = 1.0;
				PRODUCT_BUNDLE_IDENTIFIER = Huhoe.com;
				PRODUCT_NAME = "$(TARGET_NAME)";
				SWIFT_EMIT_LOC_STRINGS = YES;
				SWIFT_VERSION = 5.0;
				TARGETED_DEVICE_FAMILY = 1;
			};
			name = Release;
		};
		A6E4DE6127FDB3F50005266D /* Debug */ = {
			isa = XCBuildConfiguration;
			buildSettings = {
				ALWAYS_EMBED_SWIFT_STANDARD_LIBRARIES = YES;
				BUNDLE_LOADER = "$(TEST_HOST)";
				CODE_SIGN_STYLE = Automatic;
				CURRENT_PROJECT_VERSION = 1;
				DEVELOPMENT_TEAM = RL265827ML;
				GENERATE_INFOPLIST_FILE = YES;
				IPHONEOS_DEPLOYMENT_TARGET = 15.4;
				MARKETING_VERSION = 1.0;
				PRODUCT_BUNDLE_IDENTIFIER = limjs.HuhoeTests;
				PRODUCT_NAME = "$(TARGET_NAME)";
				SWIFT_EMIT_LOC_STRINGS = NO;
				SWIFT_VERSION = 5.0;
				TARGETED_DEVICE_FAMILY = "1,2";
				TEST_HOST = "$(BUILT_PRODUCTS_DIR)/Huhoe.app/Huhoe";
			};
			name = Debug;
		};
		A6E4DE6227FDB3F50005266D /* Release */ = {
			isa = XCBuildConfiguration;
			buildSettings = {
				ALWAYS_EMBED_SWIFT_STANDARD_LIBRARIES = YES;
				BUNDLE_LOADER = "$(TEST_HOST)";
				CODE_SIGN_STYLE = Automatic;
				CURRENT_PROJECT_VERSION = 1;
				DEVELOPMENT_TEAM = RL265827ML;
				GENERATE_INFOPLIST_FILE = YES;
				IPHONEOS_DEPLOYMENT_TARGET = 15.4;
				MARKETING_VERSION = 1.0;
				PRODUCT_BUNDLE_IDENTIFIER = limjs.HuhoeTests;
				PRODUCT_NAME = "$(TARGET_NAME)";
				SWIFT_EMIT_LOC_STRINGS = NO;
				SWIFT_VERSION = 5.0;
				TARGETED_DEVICE_FAMILY = "1,2";
				TEST_HOST = "$(BUILT_PRODUCTS_DIR)/Huhoe.app/Huhoe";
			};
			name = Release;
		};
		A6E4DE6427FDB3F50005266D /* Debug */ = {
			isa = XCBuildConfiguration;
			buildSettings = {
				ALWAYS_EMBED_SWIFT_STANDARD_LIBRARIES = YES;
				CODE_SIGN_STYLE = Automatic;
				CURRENT_PROJECT_VERSION = 1;
				DEVELOPMENT_TEAM = RL265827ML;
				GENERATE_INFOPLIST_FILE = YES;
				MARKETING_VERSION = 1.0;
				PRODUCT_BUNDLE_IDENTIFIER = limjs.HuhoeUITests;
				PRODUCT_NAME = "$(TARGET_NAME)";
				SWIFT_EMIT_LOC_STRINGS = NO;
				SWIFT_VERSION = 5.0;
				TARGETED_DEVICE_FAMILY = "1,2";
				TEST_TARGET_NAME = Huhoe;
			};
			name = Debug;
		};
		A6E4DE6527FDB3F50005266D /* Release */ = {
			isa = XCBuildConfiguration;
			buildSettings = {
				ALWAYS_EMBED_SWIFT_STANDARD_LIBRARIES = YES;
				CODE_SIGN_STYLE = Automatic;
				CURRENT_PROJECT_VERSION = 1;
				DEVELOPMENT_TEAM = RL265827ML;
				GENERATE_INFOPLIST_FILE = YES;
				MARKETING_VERSION = 1.0;
				PRODUCT_BUNDLE_IDENTIFIER = limjs.HuhoeUITests;
				PRODUCT_NAME = "$(TARGET_NAME)";
				SWIFT_EMIT_LOC_STRINGS = NO;
				SWIFT_VERSION = 5.0;
				TARGETED_DEVICE_FAMILY = "1,2";
				TEST_TARGET_NAME = Huhoe;
			};
			name = Release;
		};
/* End XCBuildConfiguration section */

/* Begin XCConfigurationList section */
		A6E4DE2E27FDB3F30005266D /* Build configuration list for PBXProject "Huhoe" */ = {
			isa = XCConfigurationList;
			buildConfigurations = (
				A6E4DE5B27FDB3F50005266D /* Debug */,
				A6E4DE5C27FDB3F50005266D /* Release */,
			);
			defaultConfigurationIsVisible = 0;
			defaultConfigurationName = Release;
		};
		A6E4DE5D27FDB3F50005266D /* Build configuration list for PBXNativeTarget "Huhoe" */ = {
			isa = XCConfigurationList;
			buildConfigurations = (
				A6E4DE5E27FDB3F50005266D /* Debug */,
				A6E4DE5F27FDB3F50005266D /* Release */,
			);
			defaultConfigurationIsVisible = 0;
			defaultConfigurationName = Release;
		};
		A6E4DE6027FDB3F50005266D /* Build configuration list for PBXNativeTarget "HuhoeTests" */ = {
			isa = XCConfigurationList;
			buildConfigurations = (
				A6E4DE6127FDB3F50005266D /* Debug */,
				A6E4DE6227FDB3F50005266D /* Release */,
			);
			defaultConfigurationIsVisible = 0;
			defaultConfigurationName = Release;
		};
		A6E4DE6327FDB3F50005266D /* Build configuration list for PBXNativeTarget "HuhoeUITests" */ = {
			isa = XCConfigurationList;
			buildConfigurations = (
				A6E4DE6427FDB3F50005266D /* Debug */,
				A6E4DE6527FDB3F50005266D /* Release */,
			);
			defaultConfigurationIsVisible = 0;
			defaultConfigurationName = Release;
		};
/* End XCConfigurationList section */

/* Begin XCRemoteSwiftPackageReference section */
		08AA7C87280EE6F700305CED /* XCRemoteSwiftPackageReference "RxSwift" */ = {
			isa = XCRemoteSwiftPackageReference;
			repositoryURL = "https://github.com/ReactiveX/RxSwift";
			requirement = {
				kind = upToNextMajorVersion;
				minimumVersion = 6.0.0;
			};
		};
/* End XCRemoteSwiftPackageReference section */

/* Begin XCSwiftPackageProductDependency section */
		08AA7C88280EE6F700305CED /* RxCocoa */ = {
			isa = XCSwiftPackageProductDependency;
			package = 08AA7C87280EE6F700305CED /* XCRemoteSwiftPackageReference "RxSwift" */;
			productName = RxCocoa;
		};
		08AA7C8A280EE6F700305CED /* RxRelay */ = {
			isa = XCSwiftPackageProductDependency;
			package = 08AA7C87280EE6F700305CED /* XCRemoteSwiftPackageReference "RxSwift" */;
			productName = RxRelay;
		};
		08AA7C8C280EE6F700305CED /* RxSwift */ = {
			isa = XCSwiftPackageProductDependency;
			package = 08AA7C87280EE6F700305CED /* XCRemoteSwiftPackageReference "RxSwift" */;
			productName = RxSwift;
		};
/* End XCSwiftPackageProductDependency section */
	};
	rootObject = A6E4DE2B27FDB3F30005266D /* Project object */;
}
